
Microsoft Visual Studio Solution File, Format Version 12.00
# Visual Studio 14
VisualStudioVersion = 14.0.25420.1
MinimumVisualStudioVersion = 10.0.40219.1
Project("{2150E333-8FDC-42A3-9474-1A3956D46DE8}") = "src", "src", "{9C3F0A98-C6A5-4C60-9682-6D2EA5331CC7}"
EndProject
Project("{2150E333-8FDC-42A3-9474-1A3956D46DE8}") = "Solution Items", "Solution Items", "{29B293DD-2558-45A3-80C3-6E811AD83041}"
	ProjectSection(SolutionItems) = preProject
		global.json = global.json
	EndProjectSection
EndProject
Project("{8BB2217D-0F2D-49D1-97BC-3654ED321F3B}") = "TravelTestBlog", "src\TravelTestBlog\TravelTestBlog.xproj", "{F1228345-4315-4EA8-9AB9-571BF1BC39E7}"
EndProject
Global
	GlobalSection(SolutionConfigurationPlatforms) = preSolution
		Debug|Any CPU = Debug|Any CPU
		Release|Any CPU = Release|Any CPU
	EndGlobalSection
	GlobalSection(ProjectConfigurationPlatforms) = postSolution
		{F1228345-4315-4EA8-9AB9-571BF1BC39E7}.Debug|Any CPU.ActiveCfg = Debug|Any CPU
		{F1228345-4315-4EA8-9AB9-571BF1BC39E7}.Debug|Any CPU.Build.0 = Debug|Any CPU
		{F1228345-4315-4EA8-9AB9-571BF1BC39E7}.Release|Any CPU.ActiveCfg = Release|Any CPU
		{F1228345-4315-4EA8-9AB9-571BF1BC39E7}.Release|Any CPU.Build.0 = Release|Any CPU
	EndGlobalSection
	GlobalSection(SolutionProperties) = preSolution
		HideSolutionNode = FALSE
	EndGlobalSection
	GlobalSection(NestedProjects) = preSolution
		{F1228345-4315-4EA8-9AB9-571BF1BC39E7} = {9C3F0A98-C6A5-4C60-9682-6D2EA5331CC7}
	EndGlobalSection
EndGlobal
